# This file is generated by running "yarn install" inside your project.
# Manual changes might be lost - proceed with caution!

__metadata:
  version: 8
  cacheKey: 10c0

"@emnapi/runtime@npm:^1.7.0":
  version: 1.8.1
  resolution: "@emnapi/runtime@npm:1.8.1"
  dependencies:
    tslib: "npm:^2.4.0"
  checksum: 10c0/f4929d75e37aafb24da77d2f58816761fe3f826aad2e37fa6d4421dac9060cbd5098eea1ac3c9ecc4526b89deb58153852fa432f87021dc57863f2ff726d713f
  languageName: node
  linkType: hard

"@graphql-typed-document-node/core@npm:^3.1.0":
  version: 3.2.0
  resolution: "@graphql-typed-document-node/core@npm:3.2.0"
  peerDependencies:
    graphql: ^0.8.0 || ^0.9.0 || ^0.10.0 || ^0.11.0 || ^0.12.0 || ^0.13.0 || ^14.0.0 || ^15.0.0 || ^16.0.0 || ^17.0.0
  checksum: 10c0/94e9d75c1f178bbae8d874f5a9361708a3350c8def7eaeb6920f2c820e82403b7d4f55b3735856d68e145e86c85cbfe2adc444fdc25519cd51f108697e99346c
  languageName: node
  linkType: hard

"@img/colour@npm:^1.0.0":
  version: 1.0.0
  resolution: "@img/colour@npm:1.0.0"
  checksum: 10c0/02261719c1e0d7aa5a2d585981954f2ac126f0c432400aa1a01b925aa2c41417b7695da8544ee04fd29eba7ecea8eaf9b8bef06f19dc8faba78f94eeac40667d
  languageName: node
  linkType: hard

"@img/sharp-darwin-arm64@npm:0.34.5":
  version: 0.34.5
  resolution: "@img/sharp-darwin-arm64@npm:0.34.5"
  dependencies:
    "@img/sharp-libvips-darwin-arm64": "npm:1.2.4"
  dependenciesMeta:
    "@img/sharp-libvips-darwin-arm64":
      optional: true
  conditions: os=darwin & cpu=arm64
  languageName: node
  linkType: hard

"@img/sharp-darwin-x64@npm:0.34.5":
  version: 0.34.5
  resolution: "@img/sharp-darwin-x64@npm:0.34.5"
  dependencies:
    "@img/sharp-libvips-darwin-x64": "npm:1.2.4"
  dependenciesMeta:
    "@img/sharp-libvips-darwin-x64":
      optional: true
  conditions: os=darwin & cpu=x64
  languageName: node
  linkType: hard

"@img/sharp-libvips-darwin-arm64@npm:1.2.4":
  version: 1.2.4
  resolution: "@img/sharp-libvips-darwin-arm64@npm:1.2.4"
  conditions: os=darwin & cpu=arm64
  languageName: node
  linkType: hard

"@img/sharp-libvips-darwin-x64@npm:1.2.4":
  version: 1.2.4
  resolution: "@img/sharp-libvips-darwin-x64@npm:1.2.4"
  conditions: os=darwin & cpu=x64
  languageName: node
  linkType: hard

"@img/sharp-libvips-linux-arm64@npm:1.2.4":
  version: 1.2.4
  resolution: "@img/sharp-libvips-linux-arm64@npm:1.2.4"
  conditions: os=linux & cpu=arm64 & libc=glibc
  languageName: node
  linkType: hard

"@img/sharp-libvips-linux-arm@npm:1.2.4":
  version: 1.2.4
  resolution: "@img/sharp-libvips-linux-arm@npm:1.2.4"
  conditions: os=linux & cpu=arm & libc=glibc
  languageName: node
  linkType: hard

"@img/sharp-libvips-linux-ppc64@npm:1.2.4":
  version: 1.2.4
  resolution: "@img/sharp-libvips-linux-ppc64@npm:1.2.4"
  conditions: os=linux & cpu=ppc64 & libc=glibc
  languageName: node
  linkType: hard

"@img/sharp-libvips-linux-riscv64@npm:1.2.4":
  version: 1.2.4
  resolution: "@img/sharp-libvips-linux-riscv64@npm:1.2.4"
  conditions: os=linux & cpu=riscv64 & libc=glibc
  languageName: node
  linkType: hard

"@img/sharp-libvips-linux-s390x@npm:1.2.4":
  version: 1.2.4
  resolution: "@img/sharp-libvips-linux-s390x@npm:1.2.4"
  conditions: os=linux & cpu=s390x & libc=glibc
  languageName: node
  linkType: hard

"@img/sharp-libvips-linux-x64@npm:1.2.4":
  version: 1.2.4
  resolution: "@img/sharp-libvips-linux-x64@npm:1.2.4"
  conditions: os=linux & cpu=x64 & libc=glibc
  languageName: node
  linkType: hard

"@img/sharp-libvips-linuxmusl-arm64@npm:1.2.4":
  version: 1.2.4
  resolution: "@img/sharp-libvips-linuxmusl-arm64@npm:1.2.4"
  conditions: os=linux & cpu=arm64 & libc=musl
  languageName: node
  linkType: hard

"@img/sharp-libvips-linuxmusl-x64@npm:1.2.4":
  version: 1.2.4
  resolution: "@img/sharp-libvips-linuxmusl-x64@npm:1.2.4"
  conditions: os=linux & cpu=x64 & libc=musl
  languageName: node
  linkType: hard

"@img/sharp-linux-arm64@npm:0.34.5":
  version: 0.34.5
  resolution: "@img/sharp-linux-arm64@npm:0.34.5"
  dependencies:
    "@img/sharp-libvips-linux-arm64": "npm:1.2.4"
  dependenciesMeta:
    "@img/sharp-libvips-linux-arm64":
      optional: true
  conditions: os=linux & cpu=arm64 & libc=glibc
  languageName: node
  linkType: hard

"@img/sharp-linux-arm@npm:0.34.5":
  version: 0.34.5
  resolution: "@img/sharp-linux-arm@npm:0.34.5"
  dependencies:
    "@img/sharp-libvips-linux-arm": "npm:1.2.4"
  dependenciesMeta:
    "@img/sharp-libvips-linux-arm":
      optional: true
  conditions: os=linux & cpu=arm & libc=glibc
  languageName: node
  linkType: hard

"@img/sharp-linux-ppc64@npm:0.34.5":
  version: 0.34.5
  resolution: "@img/sharp-linux-ppc64@npm:0.34.5"
  dependencies:
    "@img/sharp-libvips-linux-ppc64": "npm:1.2.4"
  dependenciesMeta:
    "@img/sharp-libvips-linux-ppc64":
      optional: true
  conditions: os=linux & cpu=ppc64 & libc=glibc
  languageName: node
  linkType: hard

"@img/sharp-linux-riscv64@npm:0.34.5":
  version: 0.34.5
  resolution: "@img/sharp-linux-riscv64@npm:0.34.5"
  dependencies:
    "@img/sharp-libvips-linux-riscv64": "npm:1.2.4"
  dependenciesMeta:
    "@img/sharp-libvips-linux-riscv64":
      optional: true
  conditions: os=linux & cpu=riscv64 & libc=glibc
  languageName: node
  linkType: hard

"@img/sharp-linux-s390x@npm:0.34.5":
  version: 0.34.5
  resolution: "@img/sharp-linux-s390x@npm:0.34.5"
  dependencies:
    "@img/sharp-libvips-linux-s390x": "npm:1.2.4"
  dependenciesMeta:
    "@img/sharp-libvips-linux-s390x":
      optional: true
  conditions: os=linux & cpu=s390x & libc=glibc
  languageName: node
  linkType: hard

"@img/sharp-linux-x64@npm:0.34.5":
  version: 0.34.5
  resolution: "@img/sharp-linux-x64@npm:0.34.5"
  dependencies:
    "@img/sharp-libvips-linux-x64": "npm:1.2.4"
  dependenciesMeta:
    "@img/sharp-libvips-linux-x64":
      optional: true
  conditions: os=linux & cpu=x64 & libc=glibc
  languageName: node
  linkType: hard

"@img/sharp-linuxmusl-arm64@npm:0.34.5":
  version: 0.34.5
  resolution: "@img/sharp-linuxmusl-arm64@npm:0.34.5"
  dependencies:
    "@img/sharp-libvips-linuxmusl-arm64": "npm:1.2.4"
  dependenciesMeta:
    "@img/sharp-libvips-linuxmusl-arm64":
      optional: true
  conditions: os=linux & cpu=arm64 & libc=musl
  languageName: node
  linkType: hard

"@img/sharp-linuxmusl-x64@npm:0.34.5":
  version: 0.34.5
  resolution: "@img/sharp-linuxmusl-x64@npm:0.34.5"
  dependencies:
    "@img/sharp-libvips-linuxmusl-x64": "npm:1.2.4"
  dependenciesMeta:
    "@img/sharp-libvips-linuxmusl-x64":
      optional: true
  conditions: os=linux & cpu=x64 & libc=musl
  languageName: node
  linkType: hard

"@img/sharp-wasm32@npm:0.34.5":
  version: 0.34.5
  resolution: "@img/sharp-wasm32@npm:0.34.5"
  dependencies:
    "@emnapi/runtime": "npm:^1.7.0"
  conditions: cpu=wasm32
  languageName: node
  linkType: hard

"@img/sharp-win32-arm64@npm:0.34.5":
  version: 0.34.5
  resolution: "@img/sharp-win32-arm64@npm:0.34.5"
  conditions: os=win32 & cpu=arm64
  languageName: node
  linkType: hard

"@img/sharp-win32-ia32@npm:0.34.5":
  version: 0.34.5
  resolution: "@img/sharp-win32-ia32@npm:0.34.5"
  conditions: os=win32 & cpu=ia32
  languageName: node
  linkType: hard

"@img/sharp-win32-x64@npm:0.34.5":
  version: 0.34.5
  resolution: "@img/sharp-win32-x64@npm:0.34.5"
  conditions: os=win32 & cpu=x64
  languageName: node
  linkType: hard

"@linear/sdk@npm:^7.0.0":
  version: 7.0.1
  resolution: "@linear/sdk@npm:7.0.1"
  dependencies:
    "@graphql-typed-document-node/core": "npm:^3.1.0"
    graphql: "npm:^15.4.0"
    isomorphic-unfetch: "npm:^3.1.0"
  checksum: 10c0/3242a251b729c5a6b487042acdaf367a23f0aa2a9afcf2dc3f90d90c406c36e7cd04fdbd8f06c46477c49d536eaebe10edd829fba9e8801197eff46e9fc2b3da
  languageName: node
  linkType: hard

"@next/env@npm:16.1.6":
  version: 16.1.6
  resolution: "@next/env@npm:16.1.6"
  checksum: 10c0/ed7023edb94b9b2e5da3f9c99d08b614da9757c1edd0ecec792fce4d336b4f0c64db1a84955e07cfbd848b9e61c4118fff28f4098cd7b0a7f97814a90565ebe6
  languageName: node
  linkType: hard

"@next/swc-darwin-arm64@npm:16.1.6":
  version: 16.1.6
  resolution: "@next/swc-darwin-arm64@npm:16.1.6"
  conditions: os=darwin & cpu=arm64
  languageName: node
  linkType: hard

"@next/swc-darwin-x64@npm:16.1.6":
  version: 16.1.6
  resolution: "@next/swc-darwin-x64@npm:16.1.6"
  conditions: os=darwin & cpu=x64
  languageName: node
  linkType: hard

"@next/swc-linux-arm64-gnu@npm:16.1.6":
  version: 16.1.6
  resolution: "@next/swc-linux-arm64-gnu@npm:16.1.6"
  conditions: os=linux & cpu=arm64 & libc=glibc
  languageName: node
  linkType: hard

"@next/swc-linux-arm64-musl@npm:16.1.6":
  version: 16.1.6
  resolution: "@next/swc-linux-arm64-musl@npm:16.1.6"
  conditions: os=linux & cpu=arm64 & libc=musl
  languageName: node
  linkType: hard

"@next/swc-linux-x64-gnu@npm:16.1.6":
  version: 16.1.6
  resolution: "@next/swc-linux-x64-gnu@npm:16.1.6"
  conditions: os=linux & cpu=x64 & libc=glibc
  languageName: node
  linkType: hard

"@next/swc-linux-x64-musl@npm:16.1.6":
  version: 16.1.6
  resolution: "@next/swc-linux-x64-musl@npm:16.1.6"
  conditions: os=linux & cpu=x64 & libc=musl
  languageName: node
  linkType: hard

"@next/swc-win32-arm64-msvc@npm:16.1.6":
  version: 16.1.6
  resolution: "@next/swc-win32-arm64-msvc@npm:16.1.6"
  conditions: os=win32 & cpu=arm64
  languageName: node
  linkType: hard

"@next/swc-win32-x64-msvc@npm:16.1.6":
  version: 16.1.6
  resolution: "@next/swc-win32-x64-msvc@npm:16.1.6"
  conditions: os=win32 & cpu=x64
  languageName: node
  linkType: hard

"@swc/helpers@npm:0.5.15":
  version: 0.5.15
  resolution: "@swc/helpers@npm:0.5.15"
  dependencies:
    tslib: "npm:^2.8.0"
  checksum: 10c0/33002f74f6f885f04c132960835fdfc474186983ea567606db62e86acd0680ca82f34647e8e610f4e1e422d1c16fce729dde22cd3b797ab1fd9061a825dabca4
  languageName: node
  linkType: hard

"@types/body-parser@npm:*":
  version: 1.19.2
  resolution: "@types/body-parser@npm:1.19.2"
  dependencies:
    "@types/connect": "npm:*"
    "@types/node": "npm:*"
  checksum: 10c0/c2dd533e1d4af958d656bdba7f376df68437d8dfb7e4522c88b6f3e6f827549e4be5bf0be68a5f1878accf5752ea37fba7e8a4b6dda53d0d122d77e27b69c750
  languageName: node
  linkType: hard

"@types/connect@npm:*":
  version: 3.4.35
  resolution: "@types/connect@npm:3.4.35"
  dependencies:
    "@types/node": "npm:*"
  checksum: 10c0/f11a1ccfed540723dddd7cb496543ad40a2f663f22ff825e9b220f0bae86db8b1ced2184ee41d3fb358b019ad6519e39481b06386db91ebb859003ad1d54fe6a
  languageName: node
  linkType: hard

"@types/express-serve-static-core@npm:^4.17.33":
  version: 4.17.35
  resolution: "@types/express-serve-static-core@npm:4.17.35"
  dependencies:
    "@types/node": "npm:*"
    "@types/qs": "npm:*"
    "@types/range-parser": "npm:*"
    "@types/send": "npm:*"
  checksum: 10c0/08db6ffff07b5d53d852bb0a078ea5ee6dc3eb581d8c8fdf0d65f48c641db2830658074c797844e618b0933ce4ca2ddd08191f9d79b12eb2ec3d66f8551716ec
  languageName: node
  linkType: hard

"@types/express@npm:*":
  version: 4.17.17
  resolution: "@types/express@npm:4.17.17"
  dependencies:
    "@types/body-parser": "npm:*"
    "@types/express-serve-static-core": "npm:^4.17.33"
    "@types/qs": "npm:*"
    "@types/serve-static": "npm:*"
  checksum: 10c0/5802a0a28f7473744dd6a118479440d8c5c801c973d34fb6f31b5ee645a41fee936193978a8e905d55deefda9b675d19924167bf11a31339874c3161a3fc2922
  languageName: node
  linkType: hard

"@types/http-errors@npm:*":
  version: 2.0.1
  resolution: "@types/http-errors@npm:2.0.1"
  checksum: 10c0/3bbc8c84fb02b381737e2eec563b434121384b1aef4e070edec4479a1bc74f27373edc09162680cd3ea1035ef8e5ab6d606bd7c99e3855c424045fb74376cb66
  languageName: node
  linkType: hard

"@types/mime@npm:*":
  version: 3.0.1
  resolution: "@types/mime@npm:3.0.1"
  checksum: 10c0/c4c0fc89042822a3b5ffd6ef0da7006513454ee8376ffa492372d17d2925a4e4b1b194c977b718c711df38b33eb9d06deb5dbf9f851bcfb7e5e65f06b2a87f97
  languageName: node
  linkType: hard

"@types/mime@npm:^1":
  version: 1.3.2
  resolution: "@types/mime@npm:1.3.2"
  checksum: 10c0/61d144e5170c6cdf6de334ec0ee4bb499b1a0fb0233834a9e8cec6d289b0e3042bedf35cbc1c995d71a247635770dae3f13a9ddae69098bb54b933429bc08d35
  languageName: node
  linkType: hard

"@types/multer@npm:^1.4.7":
  version: 1.4.7
  resolution: "@types/multer@npm:1.4.7"
  dependencies:
    "@types/express": "npm:*"
  checksum: 10c0/0bb0dfc399ef8f4e298eda88ef44ca7e5d2ec5c406ebb79424f88ba556fe26f46b4813b6d3f9c1e4adafc70fdcf89962eb5a0b8bfd726893ad9ece3e96f4f445
  languageName: node
  linkType: hard

"@types/node-fetch@npm:^2.6.4":
  version: 2.6.4
  resolution: "@types/node-fetch@npm:2.6.4"
  dependencies:
    "@types/node": "npm:*"
    form-data: "npm:^3.0.0"
  checksum: 10c0/e43e4670ed8b7693dbf660ac1450b14fcfcdd8efca1eb0f501b6ad95af2d1fa06f8541db03e9511e82a5fee510a238fe0913330c9a58f8ac6892b985f6dd993e
  languageName: node
  linkType: hard

"@types/node@npm:*":
  version: 20.4.5
  resolution: "@types/node@npm:20.4.5"
  checksum: 10c0/ed414b8fea1b462cb7444464e18cf0786a11def8b863bcca52b0466992d04f701422f9fc3c33e0601444bfdbf9e18d8f4b163d35902758495b51e635b09fee64
  languageName: node
  linkType: hard

"@types/node@npm:20.4.2":
  version: 20.4.2
  resolution: "@types/node@npm:20.4.2"
  checksum: 10c0/ca506e089737d54effabda5d6534fdf9fdbe22adbcc4864a170feea390389f38cbae6abcf89c2b1ce5c3e4ffc450b35341509a7619f850babf43106009f01b2d
  languageName: node
  linkType: hard

"@types/prop-types@npm:*":
  version: 15.7.5
  resolution: "@types/prop-types@npm:15.7.5"
  checksum: 10c0/648aae41423821c61c83823ae36116c8d0f68258f8b609bdbc257752dcd616438d6343d554262aa9a7edaee5a19aca2e028a74fa2d0f40fffaf2816bc7056857
  languageName: node
  linkType: hard

"@types/qs@npm:*":
  version: 6.9.7
  resolution: "@types/qs@npm:6.9.7"
  checksum: 10c0/157eb05f4c75790b0ebdcf7b0547ff117feabc8cda03c3cac3d3ea82bb19a1912e76a411df3eb0bdd01026a9770f07bc0e7e3fbe39ebb31c1be4564c16be35f1
  languageName: node
  linkType: hard

"@types/range-parser@npm:*":
  version: 1.2.4
  resolution: "@types/range-parser@npm:1.2.4"
  checksum: 10c0/8e3c3cda88675efd9145241bcb454449715b7d015a7fb80d018dcb3d441fa1938b302242cc0dfa6b02c5d014dd8bc082ae90091e62b1e816cae3ec36c2a7dbcb
  languageName: node
  linkType: hard

"@types/react-dom@npm:^18.2.7":
  version: 18.2.7
  resolution: "@types/react-dom@npm:18.2.7"
  dependencies:
    "@types/react": "npm:*"
  checksum: 10c0/bd090f5e1b13765fbc191d9eb720dd152d26c20558221963009189c4636ce11e4c1c976e4cde4a74335f997a2be651af27d3727474a8091424101a83a71eebfb
  languageName: node
  linkType: hard

"@types/react@npm:*":
  version: 18.2.18
  resolution: "@types/react@npm:18.2.18"
  dependencies:
    "@types/prop-types": "npm:*"
    "@types/scheduler": "npm:*"
    csstype: "npm:^3.0.2"
  checksum: 10c0/2f544da491f7fcfa91ef172945b9b0f3ed9aff48bdf644f557cdfbef363b5891e1b1b06f3510c8f361c72523b835ed72ef0320a0d03cddbdcc37ff198c212900
  languageName: node
  linkType: hard

"@types/react@npm:18.2.15":
  version: 18.2.15
  resolution: "@types/react@npm:18.2.15"
  dependencies:
    "@types/prop-types": "npm:*"
    "@types/scheduler": "npm:*"
    csstype: "npm:^3.0.2"
  checksum: 10c0/d1999bd8a565704a9885e3b7a44d93d8d70beb0aae7b3c66139d98832b6dddf82da790519ac9c6502d57504af1cb729c6edb3bf506fe14386a364618884ed0a2
  languageName: node
  linkType: hard

"@types/scheduler@npm:*":
  version: 0.16.3
  resolution: "@types/scheduler@npm:0.16.3"
  checksum: 10c0/c249d4b96fa05165ac22c214f94a045ee0af8beedefdbc54b769febd0044cab3a874e55419841a0dcc76439e379a63e257f3253c87168e3261e7bc783d623302
  languageName: node
  linkType: hard

"@types/send@npm:*":
  version: 0.17.1
  resolution: "@types/send@npm:0.17.1"
  dependencies:
    "@types/mime": "npm:^1"
    "@types/node": "npm:*"
  checksum: 10c0/1aad6bfafdaa3a3cadad1b441843dfd166821c0e93513daabe979de85b552a1298cfb6f07d40f80b5ecf14a3194dc148deb138605039841f1dadc7132c73e634
  languageName: node
  linkType: hard

"@types/serve-static@npm:*":
  version: 1.15.2
  resolution: "@types/serve-static@npm:1.15.2"
  dependencies:
    "@types/http-errors": "npm:*"
    "@types/mime": "npm:*"
    "@types/node": "npm:*"
  checksum: 10c0/5e7b3e17b376f8910d5c9a0b1def38d7841c8939713940098f1b80a330d5caa9cfe9b632c122252cd70165052439e18fafa46635dc55b1d6058343901eec22eb
  languageName: node
  linkType: hard

"append-field@npm:^1.0.0":
  version: 1.0.0
  resolution: "append-field@npm:1.0.0"
  checksum: 10c0/1b5abcc227e5179936a9e4f7e2af4769fa1f00eda85bbaed907f7964b0fd1f7d61f0f332b35337f391389ff13dd5310c2546ba670f8e5a743b23ec85185c73ef
  languageName: node
  linkType: hard

"asynckit@npm:^0.4.0":
  version: 0.4.0
  resolution: "asynckit@npm:0.4.0"
  checksum: 10c0/d73e2ddf20c4eb9337e1b3df1a0f6159481050a5de457c55b14ea2e5cb6d90bb69e004c9af54737a5ee0917fcf2c9e25de67777bbe58261847846066ba75bc9d
  languageName: node
  linkType: hard

"baseline-browser-mapping@npm:^2.8.3":
  version: 2.9.19
  resolution: "baseline-browser-mapping@npm:2.9.19"
  bin:
    baseline-browser-mapping: dist/cli.js
  checksum: 10c0/569928db78bcd081953d7db79e4243a59a579a34b4ae1806b9b42d3b7f84e5bc40e6e82ae4fa06e7bef8291bf747b33b3f9ef5d3c6e1e420cb129d9295536129
  languageName: node
  linkType: hard

"buffer-from@npm:^1.0.0":
  version: 1.1.2
  resolution: "buffer-from@npm:1.1.2"
  checksum: 10c0/124fff9d66d691a86d3b062eff4663fe437a9d9ee4b47b1b9e97f5a5d14f6d5399345db80f796827be7c95e70a8e765dd404b7c3ff3b3324f98e9b0c8826cc34
  languageName: node
  linkType: hard

"busboy@npm:^1.6.0":
  version: 1.6.0
  resolution: "busboy@npm:1.6.0"
  dependencies:
    streamsearch: "npm:^1.1.0"
  checksum: 10c0/fa7e836a2b82699b6e074393428b91ae579d4f9e21f5ac468e1b459a244341d722d2d22d10920cdd849743dbece6dca11d72de939fb75a7448825cf2babfba1f
  languageName: node
  linkType: hard

"call-bind-apply-helpers@npm:^1.0.1, call-bind-apply-helpers@npm:^1.0.2":
  version: 1.0.2
  resolution: "call-bind-apply-helpers@npm:1.0.2"
  dependencies:
    es-errors: "npm:^1.3.0"
    function-bind: "npm:^1.1.2"
  checksum: 10c0/47bd9901d57b857590431243fea704ff18078b16890a6b3e021e12d279bbf211d039155e27d7566b374d49ee1f8189344bac9833dec7a20cdec370506361c938
  languageName: node
  linkType: hard

"caniuse-lite@npm:^1.0.30001579":
  version: 1.0.30001643
  resolution: "caniuse-lite@npm:1.0.30001643"
  checksum: 10c0/7fcd0fd180bbe6764311ad57b0d39c23afdcc3bb1d8f804e7a76752c62a85b1bb7cf74b672d9da2f0afe7ad75336ff811a6fe279eb2a54bc04c272b6b62e57f1
  languageName: node
  linkType: hard

"client-only@npm:0.0.1":
  version: 0.0.1
  resolution: "client-only@npm:0.0.1"
  checksum: 10c0/9d6cfd0c19e1c96a434605added99dff48482152af791ec4172fb912a71cff9027ff174efd8cdb2160cc7f377543e0537ffc462d4f279bc4701de3f2a3c4b358
  languageName: node
  linkType: hard

"combined-stream@npm:^1.0.8":
  version: 1.0.8
  resolution: "combined-stream@npm:1.0.8"
  dependencies:
    delayed-stream: "npm:~1.0.0"
  checksum: 10c0/0dbb829577e1b1e839fa82b40c07ffaf7de8a09b935cadd355a73652ae70a88b4320db322f6634a4ad93424292fa80973ac6480986247f1734a1137debf271d5
  languageName: node
  linkType: hard

"concat-stream@npm:^2.0.0":
  version: 2.0.0
  resolution: "concat-stream@npm:2.0.0"
  dependencies:
    buffer-from: "npm:^1.0.0"
    inherits: "npm:^2.0.3"
    readable-stream: "npm:^3.0.2"
    typedarray: "npm:^0.0.6"
  checksum: 10c0/29565dd9198fe1d8cf57f6cc71527dbc6ad67e12e4ac9401feb389c53042b2dceedf47034cbe702dfc4fd8df3ae7e6bfeeebe732cc4fa2674e484c13f04c219a
  languageName: node
  linkType: hard

"csstype@npm:^3.0.2":
  version: 3.1.2
  resolution: "csstype@npm:3.1.2"
  checksum: 10c0/32c038af259897c807ac738d9eab16b3d86747c72b09d5c740978e06f067f9b7b1737e1b75e407c7ab1fe1543dc95f20e202b4786aeb1b8d3bdf5d5ce655e6c6
  languageName: node
  linkType: hard

"data-uri-to-buffer@npm:^4.0.0":
  version: 4.0.1
  resolution: "data-uri-to-buffer@npm:4.0.1"
  checksum: 10c0/20a6b93107597530d71d4cb285acee17f66bcdfc03fd81040921a81252f19db27588d87fc8fc69e1950c55cfb0bf8ae40d0e5e21d907230813eb5d5a7f9eb45b
  languageName: node
  linkType: hard

"delayed-stream@npm:~1.0.0":
  version: 1.0.0
  resolution: "delayed-stream@npm:1.0.0"
  checksum: 10c0/d758899da03392e6712f042bec80aa293bbe9e9ff1b2634baae6a360113e708b91326594c8a486d475c69d6259afb7efacdc3537bfcda1c6c648e390ce601b19
  languageName: node
  linkType: hard

"detect-libc@npm:^2.1.2":
  version: 2.1.2
  resolution: "detect-libc@npm:2.1.2"
  checksum: 10c0/acc675c29a5649fa1fb6e255f993b8ee829e510b6b56b0910666949c80c364738833417d0edb5f90e4e46be17228b0f2b66a010513984e18b15deeeac49369c4
  languageName: node
  linkType: hard

"dunder-proto@npm:^1.0.1":
  version: 1.0.1
  resolution: "dunder-proto@npm:1.0.1"
  dependencies:
    call-bind-apply-helpers: "npm:^1.0.1"
    es-errors: "npm:^1.3.0"
    gopd: "npm:^1.2.0"
  checksum: 10c0/199f2a0c1c16593ca0a145dbf76a962f8033ce3129f01284d48c45ed4e14fea9bbacd7b3610b6cdc33486cef20385ac054948fefc6272fcce645c09468f93031
  languageName: node
  linkType: hard

"es-define-property@npm:^1.0.1":
  version: 1.0.1
  resolution: "es-define-property@npm:1.0.1"
  checksum: 10c0/3f54eb49c16c18707949ff25a1456728c883e81259f045003499efba399c08bad00deebf65cccde8c0e07908c1a225c9d472b7107e558f2a48e28d530e34527c
  languageName: node
  linkType: hard

"es-errors@npm:^1.3.0":
  version: 1.3.0
  resolution: "es-errors@npm:1.3.0"
  checksum: 10c0/0a61325670072f98d8ae3b914edab3559b6caa980f08054a3b872052640d91da01d38df55df797fcc916389d77fc92b8d5906cf028f4db46d7e3003abecbca85
  languageName: node
  linkType: hard

"es-object-atoms@npm:^1.0.0, es-object-atoms@npm:^1.1.1":
  version: 1.1.1
  resolution: "es-object-atoms@npm:1.1.1"
  dependencies:
    es-errors: "npm:^1.3.0"
  checksum: 10c0/65364812ca4daf48eb76e2a3b7a89b3f6a2e62a1c420766ce9f692665a29d94fe41fe88b65f24106f449859549711e4b40d9fb8002d862dfd7eb1c512d10be0c
  languageName: node
  linkType: hard

"es-set-tostringtag@npm:^2.1.0":
  version: 2.1.0
  resolution: "es-set-tostringtag@npm:2.1.0"
  dependencies:
    es-errors: "npm:^1.3.0"
    get-intrinsic: "npm:^1.2.6"
    has-tostringtag: "npm:^1.0.2"
    hasown: "npm:^2.0.2"
  checksum: 10c0/ef2ca9ce49afe3931cb32e35da4dcb6d86ab02592cfc2ce3e49ced199d9d0bb5085fc7e73e06312213765f5efa47cc1df553a6a5154584b21448e9fb8355b1af
  languageName: node
  linkType: hard

"fetch-blob@npm:^3.1.2, fetch-blob@npm:^3.1.4":
  version: 3.2.0
  resolution: "fetch-blob@npm:3.2.0"
  dependencies:
    node-domexception: "npm:^1.0.0"
    web-streams-polyfill: "npm:^3.0.3"
  checksum: 10c0/60054bf47bfa10fb0ba6cb7742acec2f37c1f56344f79a70bb8b1c48d77675927c720ff3191fa546410a0442c998d27ab05e9144c32d530d8a52fbe68f843b69
  languageName: node
  linkType: hard

"form-data@npm:^3.0.0":
  version: 3.0.4
  resolution: "form-data@npm:3.0.4"
  dependencies:
    asynckit: "npm:^0.4.0"
    combined-stream: "npm:^1.0.8"
    es-set-tostringtag: "npm:^2.1.0"
    hasown: "npm:^2.0.2"
    mime-types: "npm:^2.1.35"
  checksum: 10c0/2451043b3e931653ce9690ba051b0bf1b5855a63029279bd7bdf8d02e4b5b42f4582b23ed3637df27a0d21bac2013c37d165ec9486e1af2470c13114aee83acc
  languageName: node
  linkType: hard

"formdata-polyfill@npm:^4.0.10":
  version: 4.0.10
  resolution: "formdata-polyfill@npm:4.0.10"
  dependencies:
    fetch-blob: "npm:^3.1.2"
  checksum: 10c0/5392ec484f9ce0d5e0d52fb5a78e7486637d516179b0eb84d81389d7eccf9ca2f663079da56f761355c0a65792810e3b345dc24db9a8bbbcf24ef3c8c88570c6
  languageName: node
  linkType: hard

"function-bind@npm:^1.1.2":
  version: 1.1.2
  resolution: "function-bind@npm:1.1.2"
  checksum: 10c0/d8680ee1e5fcd4c197e4ac33b2b4dce03c71f4d91717292785703db200f5c21f977c568d28061226f9b5900cbcd2c84463646134fd5337e7925e0942bc3f46d5
  languageName: node
  linkType: hard

"get-intrinsic@npm:^1.2.6":
  version: 1.3.0
  resolution: "get-intrinsic@npm:1.3.0"
  dependencies:
    call-bind-apply-helpers: "npm:^1.0.2"
    es-define-property: "npm:^1.0.1"
    es-errors: "npm:^1.3.0"
    es-object-atoms: "npm:^1.1.1"
    function-bind: "npm:^1.1.2"
    get-proto: "npm:^1.0.1"
    gopd: "npm:^1.2.0"
    has-symbols: "npm:^1.1.0"
    hasown: "npm:^2.0.2"
    math-intrinsics: "npm:^1.1.0"
  checksum: 10c0/52c81808af9a8130f581e6a6a83e1ba4a9f703359e7a438d1369a5267a25412322f03dcbd7c549edaef0b6214a0630a28511d7df0130c93cfd380f4fa0b5b66a
  languageName: node
  linkType: hard

"get-proto@npm:^1.0.1":
  version: 1.0.1
  resolution: "get-proto@npm:1.0.1"
  dependencies:
    dunder-proto: "npm:^1.0.1"
    es-object-atoms: "npm:^1.0.0"
  checksum: 10c0/9224acb44603c5526955e83510b9da41baf6ae73f7398875fba50edc5e944223a89c4a72b070fcd78beb5f7bdda58ecb6294adc28f7acfc0da05f76a2399643c
  languageName: node
  linkType: hard

"gopd@npm:^1.2.0":
  version: 1.2.0
  resolution: "gopd@npm:1.2.0"
  checksum: 10c0/50fff1e04ba2b7737c097358534eacadad1e68d24cccee3272e04e007bed008e68d2614f3987788428fd192a5ae3889d08fb2331417e4fc4a9ab366b2043cead
  languageName: node
  linkType: hard

"graphql@npm:^15.4.0":
  version: 15.8.0
  resolution: "graphql@npm:15.8.0"
  checksum: 10c0/30cc09b77170a9d1ed68e4c017ec8c5265f69501c96e4f34f8f6613f39a886c96dd9853eac925f212566ed651736334c8fe24ceae6c44e8d7625c95c3009a801
  languageName: node
  linkType: hard

"has-symbols@npm:^1.0.3, has-symbols@npm:^1.1.0":
  version: 1.1.0
  resolution: "has-symbols@npm:1.1.0"
  checksum: 10c0/dde0a734b17ae51e84b10986e651c664379018d10b91b6b0e9b293eddb32f0f069688c841fb40f19e9611546130153e0a2a48fd7f512891fb000ddfa36f5a20e
  languageName: node
  linkType: hard

"has-tostringtag@npm:^1.0.2":
  version: 1.0.2
  resolution: "has-tostringtag@npm:1.0.2"
  dependencies:
    has-symbols: "npm:^1.0.3"
  checksum: 10c0/a8b166462192bafe3d9b6e420a1d581d93dd867adb61be223a17a8d6dad147aa77a8be32c961bb2f27b3ef893cae8d36f564ab651f5e9b7938ae86f74027c48c
  languageName: node
  linkType: hard

"hasown@npm:^2.0.2":
  version: 2.0.2
  resolution: "hasown@npm:2.0.2"
  dependencies:
    function-bind: "npm:^1.1.2"
  checksum: 10c0/3769d434703b8ac66b209a4cca0737519925bbdb61dd887f93a16372b14694c63ff4e797686d87c90f08168e81082248b9b028bad60d4da9e0d1148766f56eb9
  languageName: node
  linkType: hard

"inherits@npm:^2.0.3":
  version: 2.0.4
  resolution: "inherits@npm:2.0.4"
  checksum: 10c0/4e531f648b29039fb7426fb94075e6545faa1eb9fe83c29f0b6d9e7263aceb4289d2d4557db0d428188eeb449cc7c5e77b0a0b2c4e248ff2a65933a0dee49ef2
  languageName: node
  linkType: hard

"isomorphic-unfetch@npm:^3.1.0":
  version: 3.1.0
  resolution: "isomorphic-unfetch@npm:3.1.0"
  dependencies:
    node-fetch: "npm:^2.6.1"
    unfetch: "npm:^4.2.0"
  checksum: 10c0/d3b61fca06304db692b7f76bdfd3a00f410e42cfa7403c3b250546bf71589d18cf2f355922f57198e4cc4a9872d3647b20397a5c3edf1a347c90d57c83cf2a89
  languageName: node
  linkType: hard

"js-tokens@npm:^3.0.0 || ^4.0.0":
  version: 4.0.0
  resolution: "js-tokens@npm:4.0.0"
  checksum: 10c0/e248708d377aa058eacf2037b07ded847790e6de892bbad3dac0abba2e759cb9f121b00099a65195616badcb6eca8d14d975cb3e89eb1cfda644756402c8aeed
  languageName: node
  linkType: hard

"linear-file-upload-example@workspace:.":
  version: 0.0.0-use.local
  resolution: "linear-file-upload-example@workspace:."
  dependencies:
    "@linear/sdk": "npm:^7.0.0"
    "@types/multer": "npm:^1.4.7"
    "@types/node": "npm:20.4.2"
    "@types/node-fetch": "npm:^2.6.4"
    "@types/react": "npm:18.2.15"
    "@types/react-dom": "npm:^18.2.7"
    multer: "npm:^2.0.2"
    next: "npm:^16.1.5"
    node-fetch: "npm:^3.3.2"
    react: "npm:^18.2.0"
    react-dom: "npm:^18.2.0"
    typescript: "npm:^5.1.6"
  languageName: unknown
  linkType: soft

"loose-envify@npm:^1.1.0":
  version: 1.4.0
  resolution: "loose-envify@npm:1.4.0"
  dependencies:
    js-tokens: "npm:^3.0.0 || ^4.0.0"
  bin:
    loose-envify: cli.js
  checksum: 10c0/655d110220983c1a4b9c0c679a2e8016d4b67f6e9c7b5435ff5979ecdb20d0813f4dec0a08674fcbdd4846a3f07edbb50a36811fd37930b94aaa0d9daceb017e
  languageName: node
  linkType: hard

"math-intrinsics@npm:^1.1.0":
  version: 1.1.0
  resolution: "math-intrinsics@npm:1.1.0"
  checksum: 10c0/7579ff94e899e2f76ab64491d76cf606274c874d8f2af4a442c016bd85688927fcfca157ba6bf74b08e9439dc010b248ce05b96cc7c126a354c3bae7fcb48b7f
  languageName: node
  linkType: hard

"media-typer@npm:0.3.0":
  version: 0.3.0
  resolution: "media-typer@npm:0.3.0"
  checksum: 10c0/d160f31246907e79fed398470285f21bafb45a62869dc469b1c8877f3f064f5eabc4bcc122f9479b8b605bc5c76187d7871cf84c4ee3ecd3e487da1993279928
  languageName: node
  linkType: hard

"mime-db@npm:1.52.0":
  version: 1.52.0
  resolution: "mime-db@npm:1.52.0"
  checksum: 10c0/0557a01deebf45ac5f5777fe7740b2a5c309c6d62d40ceab4e23da9f821899ce7a900b7ac8157d4548ddbb7beffe9abc621250e6d182b0397ec7f10c7b91a5aa
  languageName: node
  linkType: hard

"mime-types@npm:^2.1.35, mime-types@npm:~2.1.24":
  version: 2.1.35
  resolution: "mime-types@npm:2.1.35"
  dependencies:
    mime-db: "npm:1.52.0"
  checksum: 10c0/82fb07ec56d8ff1fc999a84f2f217aa46cb6ed1033fefaabd5785b9a974ed225c90dc72fff460259e66b95b73648596dbcc50d51ed69cdf464af2d237d3149b2
  languageName: node
  linkType: hard

"minimist@npm:^1.2.6":
  version: 1.2.8
  resolution: "minimist@npm:1.2.8"
  checksum: 10c0/19d3fcdca050087b84c2029841a093691a91259a47def2f18222f41e7645a0b7c44ef4b40e88a1e58a40c84d2ef0ee6047c55594d298146d0eb3f6b737c20ce6
  languageName: node
  linkType: hard

"mkdirp@npm:^0.5.6":
  version: 0.5.6
  resolution: "mkdirp@npm:0.5.6"
  dependencies:
    minimist: "npm:^1.2.6"
  bin:
    mkdirp: bin/cmd.js
  checksum: 10c0/e2e2be789218807b58abced04e7b49851d9e46e88a2f9539242cc8a92c9b5c3a0b9bab360bd3014e02a140fc4fbc58e31176c408b493f8a2a6f4986bd7527b01
  languageName: node
  linkType: hard

"multer@npm:^2.0.2":
  version: 2.0.2
  resolution: "multer@npm:2.0.2"
  dependencies:
    append-field: "npm:^1.0.0"
    busboy: "npm:^1.6.0"
    concat-stream: "npm:^2.0.0"
    mkdirp: "npm:^0.5.6"
    object-assign: "npm:^4.1.1"
    type-is: "npm:^1.6.18"
    xtend: "npm:^4.0.2"
  checksum: 10c0/d3b99dd0512169bbabf15440e1bbb3ecdc000b761e5a3e4aaca40b5e5e213c6cdcc9b7dffebaa601b7691a84f6876aa87e0173ffcc47139253793cf5657819eb
  languageName: node
  linkType: hard

"nanoid@npm:^3.3.6":
  version: 3.3.8
  resolution: "nanoid@npm:3.3.8"
  bin:
    nanoid: bin/nanoid.cjs
  checksum: 10c0/4b1bb29f6cfebf3be3bc4ad1f1296fb0a10a3043a79f34fbffe75d1621b4318319211cd420549459018ea3592f0d2f159247a6f874911d6d26eaaadda2478120
  languageName: node
  linkType: hard

"next@npm:^16.1.5":
  version: 16.1.6
  resolution: "next@npm:16.1.6"
  dependencies:
    "@next/env": "npm:16.1.6"
    "@next/swc-darwin-arm64": "npm:16.1.6"
    "@next/swc-darwin-x64": "npm:16.1.6"
    "@next/swc-linux-arm64-gnu": "npm:16.1.6"
    "@next/swc-linux-arm64-musl": "npm:16.1.6"
    "@next/swc-linux-x64-gnu": "npm:16.1.6"
    "@next/swc-linux-x64-musl": "npm:16.1.6"
    "@next/swc-win32-arm64-msvc": "npm:16.1.6"
    "@next/swc-win32-x64-msvc": "npm:16.1.6"
    "@swc/helpers": "npm:0.5.15"
    baseline-browser-mapping: "npm:^2.8.3"
    caniuse-lite: "npm:^1.0.30001579"
    postcss: "npm:8.4.31"
    sharp: "npm:^0.34.4"
    styled-jsx: "npm:5.1.6"
  peerDependencies:
    "@opentelemetry/api": ^1.1.0
    "@playwright/test": ^1.51.1
    babel-plugin-react-compiler: "*"
    react: ^18.2.0 || 19.0.0-rc-de68d2f4-20241204 || ^19.0.0
    react-dom: ^18.2.0 || 19.0.0-rc-de68d2f4-20241204 || ^19.0.0
    sass: ^1.3.0
  dependenciesMeta:
    "@next/swc-darwin-arm64":
      optional: true
    "@next/swc-darwin-x64":
      optional: true
    "@next/swc-linux-arm64-gnu":
      optional: true
    "@next/swc-linux-arm64-musl":
      optional: true
    "@next/swc-linux-x64-gnu":
      optional: true
    "@next/swc-linux-x64-musl":
      optional: true
    "@next/swc-win32-arm64-msvc":
      optional: true
    "@next/swc-win32-x64-msvc":
      optional: true
    sharp:
      optional: true
  peerDependenciesMeta:
    "@opentelemetry/api":
      optional: true
    "@playwright/test":
      optional: true
    babel-plugin-react-compiler:
      optional: true
    sass:
      optional: true
  bin:
    next: dist/bin/next
  checksum: 10c0/543766bf879bb5a5d454dc18cb302953270a92efba1d01dd028ea83c64b69573ce7d6e6c3759ecbaabec0a84131b0237263c24d1ccd7c8a97205e776dcd34e0b
  languageName: node
  linkType: hard

"node-domexception@npm:^1.0.0":
  version: 1.0.0
  resolution: "node-domexception@npm:1.0.0"
  checksum: 10c0/5e5d63cda29856402df9472335af4bb13875e1927ad3be861dc5ebde38917aecbf9ae337923777af52a48c426b70148815e890a5d72760f1b4d758cc671b1a2b
  languageName: node
  linkType: hard

"node-fetch@npm:^2.6.1":
  version: 2.6.12
  resolution: "node-fetch@npm:2.6.12"
  dependencies:
    whatwg-url: "npm:^5.0.0"
  peerDependencies:
    encoding: ^0.1.0
  peerDependenciesMeta:
    encoding:
      optional: true
  checksum: 10c0/10372e4b5ee07acadc15e6b2bc6fd8940582eea7b9b2a331f4e3665fdcd968498c1656f79f2fa572080ebb37ea80e1474a6478b3b36057ef901b63f4be8fd899
  languageName: node
  linkType: hard

"node-fetch@npm:^3.3.2":
  version: 3.3.2
  resolution: "node-fetch@npm:3.3.2"
  dependencies:
    data-uri-to-buffer: "npm:^4.0.0"
    fetch-blob: "npm:^3.1.4"
    formdata-polyfill: "npm:^4.0.10"
  checksum: 10c0/f3d5e56190562221398c9f5750198b34cf6113aa304e34ee97c94fd300ec578b25b2c2906edba922050fce983338fde0d5d34fcb0fc3336ade5bd0e429ad7538
  languageName: node
  linkType: hard

"object-assign@npm:^4.1.1":
  version: 4.1.1
  resolution: "object-assign@npm:4.1.1"
  checksum: 10c0/1f4df9945120325d041ccf7b86f31e8bcc14e73d29171e37a7903050e96b81323784ec59f93f102ec635bcf6fa8034ba3ea0a8c7e69fa202b87ae3b6cec5a414
  languageName: node
  linkType: hard

"picocolors@npm:^1.0.0":
  version: 1.0.0
  resolution: "picocolors@npm:1.0.0"
  checksum: 10c0/20a5b249e331c14479d94ec6817a182fd7a5680debae82705747b2db7ec50009a5f6648d0621c561b0572703f84dbef0858abcbd5856d3c5511426afcb1961f7
  languageName: node
  linkType: hard

"postcss@npm:8.4.31":
  version: 8.4.31
  resolution: "postcss@npm:8.4.31"
  dependencies:
    nanoid: "npm:^3.3.6"
    picocolors: "npm:^1.0.0"
    source-map-js: "npm:^1.0.2"
  checksum: 10c0/748b82e6e5fc34034dcf2ae88ea3d11fd09f69b6c50ecdd3b4a875cfc7cdca435c958b211e2cb52355422ab6fccb7d8f2f2923161d7a1b281029e4a913d59acf
  languageName: node
  linkType: hard

"react-dom@npm:^18.2.0":
  version: 18.2.0
  resolution: "react-dom@npm:18.2.0"
  dependencies:
    loose-envify: "npm:^1.1.0"
    scheduler: "npm:^0.23.0"
  peerDependencies:
    react: ^18.2.0
  checksum: 10c0/66dfc5f93e13d0674e78ef41f92ed21dfb80f9c4ac4ac25a4b51046d41d4d2186abc915b897f69d3d0ebbffe6184e7c5876f2af26bfa956f179225d921be713a
  languageName: node
  linkType: hard

"react@npm:^18.2.0":
  version: 18.2.0
  resolution: "react@npm:18.2.0"
  dependencies:
    loose-envify: "npm:^1.1.0"
  checksum: 10c0/b562d9b569b0cb315e44b48099f7712283d93df36b19a39a67c254c6686479d3980b7f013dc931f4a5a3ae7645eae6386b4aa5eea933baa54ecd0f9acb0902b8
  languageName: node
  linkType: hard

"readable-stream@npm:^3.0.2":
  version: 3.6.2
  resolution: "readable-stream@npm:3.6.2"
  dependencies:
    inherits: "npm:^2.0.3"
    string_decoder: "npm:^1.1.1"
    util-deprecate: "npm:^1.0.1"
  checksum: 10c0/e37be5c79c376fdd088a45fa31ea2e423e5d48854be7a22a58869b4e84d25047b193f6acb54f1012331e1bcd667ffb569c01b99d36b0bd59658fb33f513511b7
  languageName: node
  linkType: hard

"safe-buffer@npm:~5.2.0":
  version: 5.2.1
  resolution: "safe-buffer@npm:5.2.1"
  checksum: 10c0/6501914237c0a86e9675d4e51d89ca3c21ffd6a31642efeba25ad65720bce6921c9e7e974e5be91a786b25aa058b5303285d3c15dbabf983a919f5f630d349f3
  languageName: node
  linkType: hard

"scheduler@npm:^0.23.0":
  version: 0.23.0
  resolution: "scheduler@npm:0.23.0"
  dependencies:
    loose-envify: "npm:^1.1.0"
  checksum: 10c0/b777f7ca0115e6d93e126ac490dbd82642d14983b3079f58f35519d992fa46260be7d6e6cede433a92db70306310c6f5f06e144f0e40c484199e09c1f7be53dd
  languageName: node
  linkType: hard

"semver@npm:^7.7.3":
  version: 7.7.3
  resolution: "semver@npm:7.7.3"
  bin:
    semver: bin/semver.js
  checksum: 10c0/4afe5c986567db82f44c8c6faef8fe9df2a9b1d98098fc1721f57c696c4c21cebd572f297fc21002f81889492345b8470473bc6f4aff5fb032a6ea59ea2bc45e
  languageName: node
  linkType: hard

"sharp@npm:^0.34.4":
  version: 0.34.5
  resolution: "sharp@npm:0.34.5"
  dependencies:
    "@img/colour": "npm:^1.0.0"
    "@img/sharp-darwin-arm64": "npm:0.34.5"
    "@img/sharp-darwin-x64": "npm:0.34.5"
    "@img/sharp-libvips-darwin-arm64": "npm:1.2.4"
    "@img/sharp-libvips-darwin-x64": "npm:1.2.4"
    "@img/sharp-libvips-linux-arm": "npm:1.2.4"
    "@img/sharp-libvips-linux-arm64": "npm:1.2.4"
    "@img/sharp-libvips-linux-ppc64": "npm:1.2.4"
    "@img/sharp-libvips-linux-riscv64": "npm:1.2.4"
    "@img/sharp-libvips-linux-s390x": "npm:1.2.4"
    "@img/sharp-libvips-linux-x64": "npm:1.2.4"
    "@img/sharp-libvips-linuxmusl-arm64": "npm:1.2.4"
    "@img/sharp-libvips-linuxmusl-x64": "npm:1.2.4"
    "@img/sharp-linux-arm": "npm:0.34.5"
    "@img/sharp-linux-arm64": "npm:0.34.5"
    "@img/sharp-linux-ppc64": "npm:0.34.5"
    "@img/sharp-linux-riscv64": "npm:0.34.5"
    "@img/sharp-linux-s390x": "npm:0.34.5"
    "@img/sharp-linux-x64": "npm:0.34.5"
    "@img/sharp-linuxmusl-arm64": "npm:0.34.5"
    "@img/sharp-linuxmusl-x64": "npm:0.34.5"
    "@img/sharp-wasm32": "npm:0.34.5"
    "@img/sharp-win32-arm64": "npm:0.34.5"
    "@img/sharp-win32-ia32": "npm:0.34.5"
    "@img/sharp-win32-x64": "npm:0.34.5"
    detect-libc: "npm:^2.1.2"
    semver: "npm:^7.7.3"
  dependenciesMeta:
    "@img/sharp-darwin-arm64":
      optional: true
    "@img/sharp-darwin-x64":
      optional: true
    "@img/sharp-libvips-darwin-arm64":
      optional: true
    "@img/sharp-libvips-darwin-x64":
      optional: true
    "@img/sharp-libvips-linux-arm":
      optional: true
    "@img/sharp-libvips-linux-arm64":
      optional: true
    "@img/sharp-libvips-linux-ppc64":
      optional: true
    "@img/sharp-libvips-linux-riscv64":
      optional: true
    "@img/sharp-libvips-linux-s390x":
      optional: true
    "@img/sharp-libvips-linux-x64":
      optional: true
    "@img/sharp-libvips-linuxmusl-arm64":
      optional: true
    "@img/sharp-libvips-linuxmusl-x64":
      optional: true
    "@img/sharp-linux-arm":
      optional: true
    "@img/sharp-linux-arm64":
      optional: true
    "@img/sharp-linux-ppc64":
      optional: true
    "@img/sharp-linux-riscv64":
      optional: true
    "@img/sharp-linux-s390x":
      optional: true
    "@img/sharp-linux-x64":
      optional: true
    "@img/sharp-linuxmusl-arm64":
      optional: true
    "@img/sharp-linuxmusl-x64":
      optional: true
    "@img/sharp-wasm32":
      optional: true
    "@img/sharp-win32-arm64":
      optional: true
    "@img/sharp-win32-ia32":
      optional: true
    "@img/sharp-win32-x64":
      optional: true
  checksum: 10c0/fd79e29df0597a7d5704b8461c51f944ead91a5243691697be6e8243b966402beda53ddc6f0a53b96ea3cb8221f0b244aa588114d3ebf8734fb4aefd41ab802f
  languageName: node
  linkType: hard

"source-map-js@npm:^1.0.2":
  version: 1.0.2
  resolution: "source-map-js@npm:1.0.2"
  checksum: 10c0/32f2dfd1e9b7168f9a9715eb1b4e21905850f3b50cf02cf476e47e4eebe8e6b762b63a64357896aa29b37e24922b4282df0f492e0d2ace572b43d15525976ff8
  languageName: node
  linkType: hard

"streamsearch@npm:^1.1.0":
  version: 1.1.0
  resolution: "streamsearch@npm:1.1.0"
  checksum: 10c0/fbd9aecc2621364384d157f7e59426f4bfd385e8b424b5aaa79c83a6f5a1c8fd2e4e3289e95de1eb3511cb96bb333d6281a9919fafce760e4edb35b2cd2facab
  languageName: node
  linkType: hard

"string_decoder@npm:^1.1.1":
  version: 1.3.0
  resolution: "string_decoder@npm:1.3.0"
  dependencies:
    safe-buffer: "npm:~5.2.0"
  checksum: 10c0/810614ddb030e271cd591935dcd5956b2410dd079d64ff92a1844d6b7588bf992b3e1b69b0f4d34a3e06e0bd73046ac646b5264c1987b20d0601f81ef35d731d
  languageName: node
  linkType: hard

"styled-jsx@npm:5.1.6":
  version: 5.1.6
  resolution: "styled-jsx@npm:5.1.6"
  dependencies:
    client-only: "npm:0.0.1"
  peerDependencies:
    react: ">= 16.8.0 || 17.x.x || ^18.0.0-0 || ^19.0.0-0"
  peerDependenciesMeta:
    "@babel/core":
      optional: true
    babel-plugin-macros:
      optional: true
  checksum: 10c0/ace50e7ea5ae5ae6a3b65a50994c51fca6ae7df9c7ecfd0104c36be0b4b3a9c5c1a2374d16e2a11e256d0b20be6d47256d768ecb4f91ab390f60752a075780f5
  languageName: node
  linkType: hard

"tr46@npm:~0.0.3":
  version: 0.0.3
  resolution: "tr46@npm:0.0.3"
  checksum: 10c0/047cb209a6b60c742f05c9d3ace8fa510bff609995c129a37ace03476a9b12db4dbf975e74600830ef0796e18882b2381fb5fb1f6b4f96b832c374de3ab91a11
  languageName: node
  linkType: hard

"tslib@npm:^2.4.0":
  version: 2.6.1
  resolution: "tslib@npm:2.6.1"
  checksum: 10c0/a0382d386f5f1d6e3a39ab22bc56d1e08493da99ab3daf550e63bae6c08fdd6dd4fd20623ef387cad8262ce3fede98439257054fc025f2103cd4603b4509a052
  languageName: node
  linkType: hard

"tslib@npm:^2.8.0":
  version: 2.8.1
  resolution: "tslib@npm:2.8.1"
  checksum: 10c0/9c4759110a19c53f992d9aae23aac5ced636e99887b51b9e61def52611732872ff7668757d4e4c61f19691e36f4da981cd9485e869b4a7408d689f6bf1f14e62
  languageName: node
  linkType: hard

"type-is@npm:^1.6.18":
  version: 1.6.18
  resolution: "type-is@npm:1.6.18"
  dependencies:
    media-typer: "npm:0.3.0"
    mime-types: "npm:~2.1.24"
  checksum: 10c0/a23daeb538591b7efbd61ecf06b6feb2501b683ffdc9a19c74ef5baba362b4347e42f1b4ed81f5882a8c96a3bfff7f93ce3ffaf0cbbc879b532b04c97a55db9d
  languageName: node
  linkType: hard

"typedarray@npm:^0.0.6":
  version: 0.0.6
  resolution: "typedarray@npm:0.0.6"
  checksum: 10c0/6005cb31df50eef8b1f3c780eb71a17925f3038a100d82f9406ac2ad1de5eb59f8e6decbdc145b3a1f8e5836e17b0c0002fb698b9fe2516b8f9f9ff602d36412
  languageName: node
  linkType: hard

"typescript@npm:^5.1.6":
  version: 5.1.6
  resolution: "typescript@npm:5.1.6"
  bin:
    tsc: bin/tsc
    tsserver: bin/tsserver
  checksum: 10c0/45ac28e2df8365fd28dac42f5d62edfe69a7203d5ec646732cadc04065331f34f9078f81f150fde42ed9754eed6fa3b06a8f3523c40b821e557b727f1992e025
  languageName: node
  linkType: hard

"typescript@patch:typescript@npm%3A^5.1.6#optional!builtin<compat/typescript>":
  version: 5.1.6
  resolution: "typescript@patch:typescript@npm%3A5.1.6#optional!builtin<compat/typescript>::version=5.1.6&hash=5da071"
  bin:
    tsc: bin/tsc
    tsserver: bin/tsserver
  checksum: 10c0/c2bded58ab897a8341fdbb0c1d92ea2362f498cfffebdc8a529d03e15ea2454142dfbf122dabbd9a5cb79b7123790d27def16e11844887d20636226773ed329a
  languageName: node
  linkType: hard

"unfetch@npm:^4.2.0":
  version: 4.2.0
  resolution: "unfetch@npm:4.2.0"
  checksum: 10c0/a5c0a896a6f09f278b868075aea65652ad185db30e827cb7df45826fe5ab850124bf9c44c4dafca4bf0c55a0844b17031e8243467fcc38dd7a7d435007151f1b
  languageName: node
  linkType: hard

"util-deprecate@npm:^1.0.1":
  version: 1.0.2
  resolution: "util-deprecate@npm:1.0.2"
  checksum: 10c0/41a5bdd214df2f6c3ecf8622745e4a366c4adced864bc3c833739791aeeeb1838119af7daed4ba36428114b5c67dcda034a79c882e97e43c03e66a4dd7389942
  languageName: node
  linkType: hard

"web-streams-polyfill@npm:^3.0.3":
  version: 3.2.1
  resolution: "web-streams-polyfill@npm:3.2.1"
  checksum: 10c0/70ed6b5708e14afa2ab699221ea197d7c68ec0c8274bbe0181aecc5ba636ca27cbd383d2049f0eb9d529e738f5c088825502b317f3df24d18a278e4cc9a10e8b
  languageName: node
  linkType: hard

"webidl-conversions@npm:^3.0.0":
  version: 3.0.1
  resolution: "webidl-conversions@npm:3.0.1"
  checksum: 10c0/5612d5f3e54760a797052eb4927f0ddc01383550f542ccd33d5238cfd65aeed392a45ad38364970d0a0f4fea32e1f4d231b3d8dac4a3bdd385e5cf802ae097db
  languageName: node
  linkType: hard

"whatwg-url@npm:^5.0.0":
  version: 5.0.0
  resolution: "whatwg-url@npm:5.0.0"
  dependencies:
    tr46: "npm:~0.0.3"
    webidl-conversions: "npm:^3.0.0"
  checksum: 10c0/1588bed84d10b72d5eec1d0faa0722ba1962f1821e7539c535558fb5398d223b0c50d8acab950b8c488b4ba69043fd833cc2697056b167d8ad46fac3995a55d5
  languageName: node
  linkType: hard

"xtend@npm:^4.0.2":
  version: 4.0.2
  resolution: "xtend@npm:4.0.2"
  checksum: 10c0/366ae4783eec6100f8a02dff02ac907bf29f9a00b82ac0264b4d8b832ead18306797e283cf19de776538babfdcb2101375ec5646b59f08c52128ac4ab812ed0e
  languageName: node
  linkType: hard
